
Microsoft Visual Studio Solution File, Format Version 12.00
# Visual Studio 2013
VisualStudioVersion = 12.0.31101.0
MinimumVisualStudioVersion = 10.0.40219.1
Project("{FAE04EC0-301F-11D3-BF4B-00C04F79EFBC}") = "1. Persons", "1. Persons\1. Persons.csproj", "{4F78898B-2A90-4107-A915-8A916888BAD1}"
EndProject
Project("{FAE04EC0-301F-11D3-BF4B-00C04F79EFBC}") = "2. Laptop Shop", "2. Laptop Shop\2. Laptop Shop.csproj", "{1F5CD611-DE02-4B3D-91BD-4D1841B27761}"
EndProject
Project("{FAE04EC0-301F-11D3-BF4B-00C04F79EFBC}") = "3. PC Catalog", "3. PC Catalog\3. PC Catalog.csproj", "{C09E780C-B368-4F1D-A7DE-DD6E77725D5E}"
EndProject
Global
	GlobalSection(SolutionConfigurationPlatforms) = preSolution
		Debug|Any CPU = Debug|Any CPU
		Release|Any CPU = Release|Any CPU
	EndGlobalSection
	GlobalSection(ProjectConfigurationPlatforms) = postSolution
		{4F78898B-2A90-4107-A915-8A916888BAD1}.Debug|Any CPU.ActiveCfg = Debug|Any CPU
		{4F78898B-2A90-4107-A915-8A916888BAD1}.Debug|Any CPU.Build.0 = Debug|Any CPU
		{4F78898B-2A90-4107-A915-8A916888BAD1}.Release|Any CPU.ActiveCfg = Release|Any CPU
		{4F78898B-2A90-4107-A915-8A916888BAD1}.Release|Any CPU.Build.0 = Release|Any CPU
		{1F5CD611-DE02-4B3D-91BD-4D1841B27761}.Debug|Any CPU.ActiveCfg = Debug|Any CPU
		{1F5CD611-DE02-4B3D-91BD-4D1841B27761}.Debug|Any CPU.Build.0 = Debug|Any CPU
		{1F5CD611-DE02-4B3D-91BD-4D1841B27761}.Release|Any CPU.ActiveCfg = Release|Any CPU
		{1F5CD611-DE02-4B3D-91BD-4D1841B27761}.Release|Any CPU.Build.0 = Release|Any CPU
		{C09E780C-B368-4F1D-A7DE-DD6E77725D5E}.Debug|Any CPU.ActiveCfg = Debug|Any CPU
		{C09E780C-B368-4F1D-A7DE-DD6E77725D5E}.Debug|Any CPU.Build.0 = Debug|Any CPU
		{C09E780C-B368-4F1D-A7DE-DD6E77725D5E}.Release|Any CPU.ActiveCfg = Release|Any CPU
		{C09E780C-B368-4F1D-A7DE-DD6E77725D5E}.Release|Any CPU.Build.0 = Release|Any CPU
	EndGlobalSection
	GlobalSection(SolutionProperties) = preSolution
		HideSolutionNode = FALSE
	EndGlobalSection
EndGlobal
