
Microsoft Visual Studio Solution File, Format Version 12.00
# Visual Studio 2013
VisualStudioVersion = 12.0.31101.0
MinimumVisualStudioVersion = 10.0.40219.1
Project("{FAE04EC0-301F-11D3-BF4B-00C04F79EFBC}") = "1. Book Shop", "1. Book Shop\1. Book Shop.csproj", "{66198A29-16D2-45BE-9A7D-0C40CDDD9A04}"
EndProject
Project("{FAE04EC0-301F-11D3-BF4B-00C04F79EFBC}") = "2. Working with Abstraction", "2. Working with Abstraction\2. Working with Abstraction.csproj", "{463CB8FD-FE85-4261-AC60-6798CCA9977F}"
EndProject
Global
	GlobalSection(SolutionConfigurationPlatforms) = preSolution
		Debug|Any CPU = Debug|Any CPU
		Release|Any CPU = Release|Any CPU
	EndGlobalSection
	GlobalSection(ProjectConfigurationPlatforms) = postSolution
		{66198A29-16D2-45BE-9A7D-0C40CDDD9A04}.Debug|Any CPU.ActiveCfg = Debug|Any CPU
		{66198A29-16D2-45BE-9A7D-0C40CDDD9A04}.Debug|Any CPU.Build.0 = Debug|Any CPU
		{66198A29-16D2-45BE-9A7D-0C40CDDD9A04}.Release|Any CPU.ActiveCfg = Release|Any CPU
		{66198A29-16D2-45BE-9A7D-0C40CDDD9A04}.Release|Any CPU.Build.0 = Release|Any CPU
		{463CB8FD-FE85-4261-AC60-6798CCA9977F}.Debug|Any CPU.ActiveCfg = Debug|Any CPU
		{463CB8FD-FE85-4261-AC60-6798CCA9977F}.Debug|Any CPU.Build.0 = Debug|Any CPU
		{463CB8FD-FE85-4261-AC60-6798CCA9977F}.Release|Any CPU.ActiveCfg = Release|Any CPU
		{463CB8FD-FE85-4261-AC60-6798CCA9977F}.Release|Any CPU.Build.0 = Release|Any CPU
	EndGlobalSection
	GlobalSection(SolutionProperties) = preSolution
		HideSolutionNode = FALSE
	EndGlobalSection
EndGlobal
