
Microsoft Visual Studio Solution File, Format Version 12.00
# Visual Studio 2013
VisualStudioVersion = 12.0.31101.0
MinimumVisualStudioVersion = 10.0.40219.1
Project("{FAE04EC0-301F-11D3-BF4B-00C04F79EFBC}") = "01.Array Manipulator", "01.Array Manipulator\01.Array Manipulator.csproj", "{FA6F8484-F849-4484-9D1F-B6F7EE9FDF9E}"
EndProject
Project("{FAE04EC0-301F-11D3-BF4B-00C04F79EFBC}") = "02.RadioactiveBunnies", "02.RadioactiveBunnies\02.RadioactiveBunnies.csproj", "{A3CE5C5B-D623-49F2-8735-B8D9F9B7DE23}"
EndProject
Project("{FAE04EC0-301F-11D3-BF4B-00C04F79EFBC}") = "04.SrabskoUnleashed", "04.SrabskoUnleashed\04.SrabskoUnleashed.csproj", "{0B2CC6E4-3D9B-4CE7-87BD-912F6DF6301C}"
EndProject
Project("{FAE04EC0-301F-11D3-BF4B-00C04F79EFBC}") = "03.ShmoogleCounter", "03.ShmoogleCounter\03.ShmoogleCounter.csproj", "{FD5BD6F5-D10F-45C4-AA17-0817219E7AB6}"
EndProject
Global
	GlobalSection(SolutionConfigurationPlatforms) = preSolution
		Debug|Any CPU = Debug|Any CPU
		Release|Any CPU = Release|Any CPU
	EndGlobalSection
	GlobalSection(ProjectConfigurationPlatforms) = postSolution
		{FA6F8484-F849-4484-9D1F-B6F7EE9FDF9E}.Debug|Any CPU.ActiveCfg = Debug|Any CPU
		{FA6F8484-F849-4484-9D1F-B6F7EE9FDF9E}.Debug|Any CPU.Build.0 = Debug|Any CPU
		{FA6F8484-F849-4484-9D1F-B6F7EE9FDF9E}.Release|Any CPU.ActiveCfg = Release|Any CPU
		{FA6F8484-F849-4484-9D1F-B6F7EE9FDF9E}.Release|Any CPU.Build.0 = Release|Any CPU
		{A3CE5C5B-D623-49F2-8735-B8D9F9B7DE23}.Debug|Any CPU.ActiveCfg = Debug|Any CPU
		{A3CE5C5B-D623-49F2-8735-B8D9F9B7DE23}.Debug|Any CPU.Build.0 = Debug|Any CPU
		{A3CE5C5B-D623-49F2-8735-B8D9F9B7DE23}.Release|Any CPU.ActiveCfg = Release|Any CPU
		{A3CE5C5B-D623-49F2-8735-B8D9F9B7DE23}.Release|Any CPU.Build.0 = Release|Any CPU
		{0B2CC6E4-3D9B-4CE7-87BD-912F6DF6301C}.Debug|Any CPU.ActiveCfg = Debug|Any CPU
		{0B2CC6E4-3D9B-4CE7-87BD-912F6DF6301C}.Debug|Any CPU.Build.0 = Debug|Any CPU
		{0B2CC6E4-3D9B-4CE7-87BD-912F6DF6301C}.Release|Any CPU.ActiveCfg = Release|Any CPU
		{0B2CC6E4-3D9B-4CE7-87BD-912F6DF6301C}.Release|Any CPU.Build.0 = Release|Any CPU
		{FD5BD6F5-D10F-45C4-AA17-0817219E7AB6}.Debug|Any CPU.ActiveCfg = Debug|Any CPU
		{FD5BD6F5-D10F-45C4-AA17-0817219E7AB6}.Debug|Any CPU.Build.0 = Debug|Any CPU
		{FD5BD6F5-D10F-45C4-AA17-0817219E7AB6}.Release|Any CPU.ActiveCfg = Release|Any CPU
		{FD5BD6F5-D10F-45C4-AA17-0817219E7AB6}.Release|Any CPU.Build.0 = Release|Any CPU
	EndGlobalSection
	GlobalSection(SolutionProperties) = preSolution
		HideSolutionNode = FALSE
	EndGlobalSection
EndGlobal
